
Microsoft Visual Studio Solution File, Format Version 12.00
# Visual Studio 15
VisualStudioVersion = 15.0.27004.2009
MinimumVisualStudioVersion = 10.0.40219.1
Project("{2150E333-8FDC-42A3-9474-1A3956D46DE8}") = "ApplicationService", "ApplicationService", "{584C486B-4ECB-4969-BB34-4EA201248CFA}"
EndProject
Project("{9A19103F-16F7-4668-BE54-9A1E7A4F7556}") = "Application.Services", "Services\Application.Services.csproj", "{A1893A55-527C-46BE-B882-8B2276794D78}"
EndProject
Project("{2150E333-8FDC-42A3-9474-1A3956D46DE8}") = "Dominio", "Dominio", "{B9B49BF0-A130-4BCE-8B2E-1382A968C58A}"
EndProject
Project("{9A19103F-16F7-4668-BE54-9A1E7A4F7556}") = "Dominio.Core", "Dominio.Core\Dominio.Core.csproj", "{38AA6ED1-E24A-4A98-91BD-5528F2BB6F67}"
EndProject
Project("{9A19103F-16F7-4668-BE54-9A1E7A4F7556}") = "SignalRSample", "SignalRSample\SignalRSample.csproj", "{0017C831-E463-443E-BDBE-329A2C18E58E}"
EndProject
Global
	GlobalSection(SolutionConfigurationPlatforms) = preSolution
		Debug|Any CPU = Debug|Any CPU
		Release|Any CPU = Release|Any CPU
	EndGlobalSection
	GlobalSection(ProjectConfigurationPlatforms) = postSolution
		{A1893A55-527C-46BE-B882-8B2276794D78}.Debug|Any CPU.ActiveCfg = Debug|Any CPU
		{A1893A55-527C-46BE-B882-8B2276794D78}.Debug|Any CPU.Build.0 = Debug|Any CPU
		{A1893A55-527C-46BE-B882-8B2276794D78}.Release|Any CPU.ActiveCfg = Release|Any CPU
		{A1893A55-527C-46BE-B882-8B2276794D78}.Release|Any CPU.Build.0 = Release|Any CPU
		{38AA6ED1-E24A-4A98-91BD-5528F2BB6F67}.Debug|Any CPU.ActiveCfg = Debug|Any CPU
		{38AA6ED1-E24A-4A98-91BD-5528F2BB6F67}.Debug|Any CPU.Build.0 = Debug|Any CPU
		{38AA6ED1-E24A-4A98-91BD-5528F2BB6F67}.Release|Any CPU.ActiveCfg = Release|Any CPU
		{38AA6ED1-E24A-4A98-91BD-5528F2BB6F67}.Release|Any CPU.Build.0 = Release|Any CPU
		{0017C831-E463-443E-BDBE-329A2C18E58E}.Debug|Any CPU.ActiveCfg = Debug|Any CPU
		{0017C831-E463-443E-BDBE-329A2C18E58E}.Debug|Any CPU.Build.0 = Debug|Any CPU
		{0017C831-E463-443E-BDBE-329A2C18E58E}.Release|Any CPU.ActiveCfg = Release|Any CPU
		{0017C831-E463-443E-BDBE-329A2C18E58E}.Release|Any CPU.Build.0 = Release|Any CPU
	EndGlobalSection
	GlobalSection(SolutionProperties) = preSolution
		HideSolutionNode = FALSE
	EndGlobalSection
	GlobalSection(NestedProjects) = preSolution
		{A1893A55-527C-46BE-B882-8B2276794D78} = {584C486B-4ECB-4969-BB34-4EA201248CFA}
		{38AA6ED1-E24A-4A98-91BD-5528F2BB6F67} = {B9B49BF0-A130-4BCE-8B2E-1382A968C58A}
	EndGlobalSection
	GlobalSection(ExtensibilityGlobals) = postSolution
		SolutionGuid = {3B14C48A-DB1A-481E-8D92-DDEFBAF3F664}
	EndGlobalSection
EndGlobal
